version = 1
revision = 3
requires-python = ">=3.13"

[[package]]
name = "cli-helpers"
version = "2.7.0"
source = { registry = "https://pypi.org/simple" }
dependencies = [
    { name = "configobj" },
    { name = "tabulate", extra = ["widechars"] },
]
sdist = { url = "https://files.pythonhosted.org/packages/5a/e6/51b043e8c4ae390af61af35f73a9c2a69a26ea9cf4d061ab45c59f8e20f4/cli_helpers-2.7.0.tar.gz", hash = "sha256:62d11710dbebc2fc460003de1215688325d8636859056d688b38419bd4048bc0", size = 40089, upload-time = "2025-07-28T10:36:18.494Z" }
wheels = [
    { url = "https://files.pythonhosted.org/packages/8c/71/2a516ec309b2cebc09608c38aa3ed5f2684a192e69a146c99f4faae5e640/cli_helpers-2.7.0-py3-none-any.whl", hash = "sha256:f7e163ae17bc11ed7ca92c41bf31b63187ed79c9439fbc9474f6b496e7cb6d07", size = 20804, upload-time = "2025-07-28T10:36:17.231Z" },
]

[package.optional-dependencies]
styles = [
    { name = "pygments" },
]

[[package]]
name = "click"
version = "8.2.1"
source = { registry = "https://pypi.org/simple" }
dependencies = [
    { name = "colorama", marker = "sys_platform == 'win32'" },
]
sdist = { url = "https://files.pythonhosted.org/packages/60/6c/8ca2efa64cf75a977a0d7fac081354553ebe483345c734fb6b6515d96bbc/click-8.2.1.tar.gz", hash = "sha256:27c491cc05d968d271d5a1db13e3b5a184636d9d930f148c50b038f0d0646202", size = 286342, upload-time = "2025-05-20T23:19:49.832Z" }
wheels = [
    { url = "https://files.pythonhosted.org/packages/85/32/10bb5764d90a8eee674e9dc6f4db6a0ab47c8c4d0d83c27f7c39ac415a4d/click-8.2.1-py3-none-any.whl", hash = "sha256:61a3265b914e850b85317d0b3109c7f8cd35a670f963866005d6ef1d5175a12b", size = 102215, upload-time = "2025-05-20T23:19:47.796Z" },
]

[[package]]
name = "colorama"
version = "0.4.6"
source = { registry = "https://pypi.org/simple" }
sdist = { url = "https://files.pythonhosted.org/packages/d8/53/6f443c9a4a8358a93a6792e2acffb9d9d5cb0a5cfd8802644b7b1c9a02e4/colorama-0.4.6.tar.gz", hash = "sha256:08695f5cb7ed6e0531a20572697297273c47b8cae5a63ffc6d6ed5c201be6e44", size = 27697, upload-time = "2022-10-25T02:36:22.414Z" }
wheels = [
    { url = "https://files.pythonhosted.org/packages/d1/d6/3965ed04c63042e047cb6a3e6ed1a63a35087b6a609aa3a15ed8ac56c221/colorama-0.4.6-py2.py3-none-any.whl", hash = "sha256:4f1d9991f5acc0ca119f9d443620b77f9d6b33703e51011c16baf57afb285fc6", size = 25335, upload-time = "2022-10-25T02:36:20.889Z" },
]

[[package]]
name = "configobj"
version = "5.0.9"
source = { registry = "https://pypi.org/simple" }
sdist = { url = "https://files.pythonhosted.org/packages/f5/c4/c7f9e41bc2e5f8eeae4a08a01c91b2aea3dfab40a3e14b25e87e7db8d501/configobj-5.0.9.tar.gz", hash = "sha256:03c881bbf23aa07bccf1b837005975993c4ab4427ba57f959afdd9d1a2386848", size = 101518, upload-time = "2024-09-21T12:47:46.315Z" }
wheels = [
    { url = "https://files.pythonhosted.org/packages/a6/c4/0679472c60052c27efa612b4cd3ddd2a23e885dcdc73461781d2c802d39e/configobj-5.0.9-py2.py3-none-any.whl", hash = "sha256:1ba10c5b6ee16229c79a05047aeda2b55eb4e80d7c7d8ecf17ec1ca600c79882", size = 35615, upload-time = "2024-11-26T14:03:32.972Z" },
]

[[package]]
name = "day02-data-models"
version = "0.1.0"
source = { virtual = "." }
dependencies = [
    { name = "mimesis" },
    { name = "neo4j" },
    { name = "pgcli" },
    { name = "psycopg2-binary" },
    { name = "pymongo" },
    { name = "python-dotenv" },
]

[package.dev-dependencies]
dev = [
    { name = "ruff" },
]

[package.metadata]
requires-dist = [
    { name = "mimesis", specifier = ">=18.0.0" },
    { name = "neo4j", specifier = ">=5.28.2" },
    { name = "pgcli", specifier = ">=4.3.0" },
    { name = "psycopg2-binary", specifier = ">=2.9.10" },
    { name = "pymongo", specifier = ">=4.14.1" },
    { name = "python-dotenv", specifier = ">=1.1.1" },
]

[package.metadata.requires-dev]
dev = [{ name = "ruff", specifier = ">=0.12.11" }]

[[package]]
name = "dnspython"
version = "2.7.0"
source = { registry = "https://pypi.org/simple" }
sdist = { url = "https://files.pythonhosted.org/packages/b5/4a/263763cb2ba3816dd94b08ad3a33d5fdae34ecb856678773cc40a3605829/dnspython-2.7.0.tar.gz", hash = "sha256:ce9c432eda0dc91cf618a5cedf1a4e142651196bbcd2c80e89ed5a907e5cfaf1", size = 345197, upload-time = "2024-10-05T20:14:59.362Z" }
wheels = [
    { url = "https://files.pythonhosted.org/packages/68/1b/e0a87d256e40e8c888847551b20a017a6b98139178505dc7ffb96f04e954/dnspython-2.7.0-py3-none-any.whl", hash = "sha256:b4c34b7d10b51bcc3a5071e7b8dee77939f1e878477eeecc965e9835f63c6c86", size = 313632, upload-time = "2024-10-05T20:14:57.687Z" },
]

[[package]]
name = "mimesis"
version = "18.0.0"
source = { registry = "https://pypi.org/simple" }
sdist = { url = "https://files.pythonhosted.org/packages/5d/f1/33fb02aa19271a5a2334d24a597047399744a3f1e8c97be31053887260b4/mimesis-18.0.0.tar.gz", hash = "sha256:7d7c76ecd680ae48afe8dc4413ef1ef1ee7ef20e16f9f9cb42892add642fc1b2", size = 4681287, upload-time = "2024-09-13T22:26:05.273Z" }
wheels = [
    { url = "https://files.pythonhosted.org/packages/b6/c8/0b91996ce5337bb877300d0a0e86df17ab72da573625348dcb6cd92c3c41/mimesis-18.0.0-py3-none-any.whl", hash = "sha256:a51854a5ce63ebf2bd6a98e8841412e04cede38593be7e16d1d712848e6273df", size = 4734674, upload-time = "2024-09-13T22:26:03.283Z" },
]

[[package]]
name = "neo4j"
version = "5.28.2"
source = { registry = "https://pypi.org/simple" }
dependencies = [
    { name = "pytz" },
]
sdist = { url = "https://files.pythonhosted.org/packages/50/69/4862fabc082f2447131aada5c91736155349d77ebf443af7f59553b7b789/neo4j-5.28.2.tar.gz", hash = "sha256:7d38e27e4f987a45cc9052500c6ee27325cb23dae6509037fe31dd7ddaed70c7", size = 231874, upload-time = "2025-07-30T06:04:34.669Z" }
wheels = [
    { url = "https://files.pythonhosted.org/packages/04/00/1f74089c06aec1fac9390e2300a6a6b2381e0dac281783d64ccca9d681fd/neo4j-5.28.2-py3-none-any.whl", hash = "sha256:5c53b5c3eee6dee7e920c9724391aa38d7135a651e71b766da00533b92a91a94", size = 313156, upload-time = "2025-07-30T06:04:31.438Z" },
]

[[package]]
name = "pgcli"
version = "4.3.0"
source = { registry = "https://pypi.org/simple" }
dependencies = [
    { name = "cli-helpers", extra = ["styles"] },
    { name = "click" },
    { name = "configobj" },
    { name = "pgspecial" },
    { name = "prompt-toolkit" },
    { name = "psycopg", marker = "sys_platform != 'win32'" },
    { name = "psycopg-binary", marker = "sys_platform == 'win32'" },
    { name = "pygments" },
    { name = "setproctitle", marker = "sys_platform != 'win32' and 'CYGWIN' not in sys_platform" },
    { name = "sqlparse" },
    { name = "tzlocal" },
]
sdist = { url = "https://files.pythonhosted.org/packages/ab/9a/c86de44b7a663f0a15cb835d317f22f2ef8438154f6b646ffe32baa3799d/pgcli-4.3.0.tar.gz", hash = "sha256:765ae1550c5508a481f19f16a99716c253fe91afb255797add2d635da20b6aef", size = 147254, upload-time = "2025-03-22T22:04:51.903Z" }
wheels = [
    { url = "https://files.pythonhosted.org/packages/78/b4/1229fbe208450998c1e66f5dd2b7e59277602911b5cd2e502dcbffd4c8df/pgcli-4.3.0-py3-none-any.whl", hash = "sha256:1b06710c837407465ad200b636a604b5e1a6ad3e05eabfd8306e13de247765b9", size = 85466, upload-time = "2025-03-22T22:04:49.775Z" },
]

[[package]]
name = "pgspecial"
version = "2.2.1"
source = { registry = "https://pypi.org/simple" }
dependencies = [
    { name = "click" },
    { name = "psycopg" },
    { name = "sqlparse" },
]
sdist = { url = "https://files.pythonhosted.org/packages/12/b3/f342d6a9ec37fddff8c30b4f6eb5e83990f5d33135cecf381d3f7a0c1c9c/pgspecial-2.2.1.tar.gz", hash = "sha256:da6c7fcc7bef7bb0132dc2046f74ec6513b1fe6f0c80e5528d630d14b7c4849d", size = 50389, upload-time = "2025-04-28T03:56:04.334Z" }
wheels = [
    { url = "https://files.pythonhosted.org/packages/84/9f/151c714d38f893d31688c9454646a078a8d884d9d8d39e3b281178f4d8b9/pgspecial-2.2.1-py3-none-any.whl", hash = "sha256:08d86faaf360603a25850e259efc083bded4c1e8ffd2cfe2950b8ceefdfb4c9c", size = 35758, upload-time = "2025-04-28T03:56:03.057Z" },
]

[[package]]
name = "prompt-toolkit"
version = "3.0.52"
source = { registry = "https://pypi.org/simple" }
dependencies = [
    { name = "wcwidth" },
]
sdist = { url = "https://files.pythonhosted.org/packages/a1/96/06e01a7b38dce6fe1db213e061a4602dd6032a8a97ef6c1a862537732421/prompt_toolkit-3.0.52.tar.gz", hash = "sha256:28cde192929c8e7321de85de1ddbe736f1375148b02f2e17edd840042b1be855", size = 434198, upload-time = "2025-08-27T15:24:02.057Z" }
wheels = [
    { url = "https://files.pythonhosted.org/packages/84/03/0d3ce49e2505ae70cf43bc5bb3033955d2fc9f932163e84dc0779cc47f48/prompt_toolkit-3.0.52-py3-none-any.whl", hash = "sha256:9aac639a3bbd33284347de5ad8d68ecc044b91a762dc39b7c21095fcd6a19955", size = 391431, upload-time = "2025-08-27T15:23:59.498Z" },
]

[[package]]
name = "psycopg"
version = "3.2.9"
source = { registry = "https://pypi.org/simple" }
dependencies = [
    { name = "tzdata", marker = "sys_platform == 'win32'" },
]
sdist = { url = "https://files.pythonhosted.org/packages/27/4a/93a6ab570a8d1a4ad171a1f4256e205ce48d828781312c0bbaff36380ecb/psycopg-3.2.9.tar.gz", hash = "sha256:2fbb46fcd17bc81f993f28c47f1ebea38d66ae97cc2dbc3cad73b37cefbff700", size = 158122, upload-time = "2025-05-13T16:11:15.533Z" }
wheels = [
    { url = "https://files.pythonhosted.org/packages/44/b0/a73c195a56eb6b92e937a5ca58521a5c3346fb233345adc80fd3e2f542e2/psycopg-3.2.9-py3-none-any.whl", hash = "sha256:01a8dadccdaac2123c916208c96e06631641c0566b22005493f09663c7a8d3b6", size = 202705, upload-time = "2025-05-13T16:06:26.584Z" },
]

[[package]]
name = "psycopg-binary"
version = "3.2.9"
source = { registry = "https://pypi.org/simple" }
wheels = [
    { url = "https://files.pythonhosted.org/packages/7b/1d/bf54cfec79377929da600c16114f0da77a5f1670f45e0c3af9fcd36879bc/psycopg_binary-3.2.9-cp313-cp313-win_amd64.whl", hash = "sha256:2290bc146a1b6a9730350f695e8b670e1d1feb8446597bed0bbe7c3c30e0abcb", size = 2928009, upload-time = "2025-05-13T16:08:53.67Z" },
]

[[package]]
name = "psycopg2-binary"
version = "2.9.10"
source = { registry = "https://pypi.org/simple" }
sdist = { url = "https://files.pythonhosted.org/packages/cb/0e/bdc8274dc0585090b4e3432267d7be4dfbfd8971c0fa59167c711105a6bf/psycopg2-binary-2.9.10.tar.gz", hash = "sha256:4b3df0e6990aa98acda57d983942eff13d824135fe2250e6522edaa782a06de2", size = 385764, upload-time = "2024-10-16T11:24:58.126Z" }
wheels = [
    { url = "https://files.pythonhosted.org/packages/3e/30/d41d3ba765609c0763505d565c4d12d8f3c79793f0d0f044ff5a28bf395b/psycopg2_binary-2.9.10-cp313-cp313-macosx_12_0_x86_64.whl", hash = "sha256:26540d4a9a4e2b096f1ff9cce51253d0504dca5a85872c7f7be23be5a53eb18d", size = 3044699, upload-time = "2024-10-16T11:21:42.841Z" },
    { url = "https://files.pythonhosted.org/packages/35/44/257ddadec7ef04536ba71af6bc6a75ec05c5343004a7ec93006bee66c0bc/psycopg2_binary-2.9.10-cp313-cp313-macosx_14_0_arm64.whl", hash = "sha256:e217ce4d37667df0bc1c397fdcd8de5e81018ef305aed9415c3b093faaeb10fb", size = 3275245, upload-time = "2024-10-16T11:21:51.989Z" },
    { url = "https://files.pythonhosted.org/packages/1b/11/48ea1cd11de67f9efd7262085588790a95d9dfcd9b8a687d46caf7305c1a/psycopg2_binary-2.9.10-cp313-cp313-manylinux_2_17_aarch64.manylinux2014_aarch64.whl", hash = "sha256:245159e7ab20a71d989da00f280ca57da7641fa2cdcf71749c193cea540a74f7", size = 2851631, upload-time = "2024-10-16T11:21:57.584Z" },
    { url = "https://files.pythonhosted.org/packages/62/e0/62ce5ee650e6c86719d621a761fe4bc846ab9eff8c1f12b1ed5741bf1c9b/psycopg2_binary-2.9.10-cp313-cp313-manylinux_2_17_i686.manylinux2014_i686.whl", hash = "sha256:3c4ded1a24b20021ebe677b7b08ad10bf09aac197d6943bfe6fec70ac4e4690d", size = 3082140, upload-time = "2024-10-16T11:22:02.005Z" },
    { url = "https://files.pythonhosted.org/packages/27/ce/63f946c098611f7be234c0dd7cb1ad68b0b5744d34f68062bb3c5aa510c8/psycopg2_binary-2.9.10-cp313-cp313-manylinux_2_17_ppc64le.manylinux2014_ppc64le.whl", hash = "sha256:3abb691ff9e57d4a93355f60d4f4c1dd2d68326c968e7db17ea96df3c023ef73", size = 3264762, upload-time = "2024-10-16T11:22:06.412Z" },
    { url = "https://files.pythonhosted.org/packages/43/25/c603cd81402e69edf7daa59b1602bd41eb9859e2824b8c0855d748366ac9/psycopg2_binary-2.9.10-cp313-cp313-manylinux_2_17_x86_64.manylinux2014_x86_64.whl", hash = "sha256:8608c078134f0b3cbd9f89b34bd60a943b23fd33cc5f065e8d5f840061bd0673", size = 3020967, upload-time = "2024-10-16T11:22:11.583Z" },
    { url = "https://files.pythonhosted.org/packages/5f/d6/8708d8c6fca531057fa170cdde8df870e8b6a9b136e82b361c65e42b841e/psycopg2_binary-2.9.10-cp313-cp313-musllinux_1_2_aarch64.whl", hash = "sha256:230eeae2d71594103cd5b93fd29d1ace6420d0b86f4778739cb1a5a32f607d1f", size = 2872326, upload-time = "2024-10-16T11:22:16.406Z" },
    { url = "https://files.pythonhosted.org/packages/ce/ac/5b1ea50fc08a9df82de7e1771537557f07c2632231bbab652c7e22597908/psycopg2_binary-2.9.10-cp313-cp313-musllinux_1_2_i686.whl", hash = "sha256:bb89f0a835bcfc1d42ccd5f41f04870c1b936d8507c6df12b7737febc40f0909", size = 2822712, upload-time = "2024-10-16T11:22:21.366Z" },
    { url = "https://files.pythonhosted.org/packages/c4/fc/504d4503b2abc4570fac3ca56eb8fed5e437bf9c9ef13f36b6621db8ef00/psycopg2_binary-2.9.10-cp313-cp313-musllinux_1_2_ppc64le.whl", hash = "sha256:f0c2d907a1e102526dd2986df638343388b94c33860ff3bbe1384130828714b1", size = 2920155, upload-time = "2024-10-16T11:22:25.684Z" },
    { url = "https://files.pythonhosted.org/packages/b2/d1/323581e9273ad2c0dbd1902f3fb50c441da86e894b6e25a73c3fda32c57e/psycopg2_binary-2.9.10-cp313-cp313-musllinux_1_2_x86_64.whl", hash = "sha256:f8157bed2f51db683f31306aa497311b560f2265998122abe1dce6428bd86567", size = 2959356, upload-time = "2024-10-16T11:22:30.562Z" },
    { url = "https://files.pythonhosted.org/packages/08/50/d13ea0a054189ae1bc21af1d85b6f8bb9bbc5572991055d70ad9006fe2d6/psycopg2_binary-2.9.10-cp313-cp313-win_amd64.whl", hash = "sha256:27422aa5f11fbcd9b18da48373eb67081243662f9b46e6fd07c3eb46e4535142", size = 2569224, upload-time = "2025-01-04T20:09:19.234Z" },
]

[[package]]
name = "pygments"
version = "2.19.2"
source = { registry = "https://pypi.org/simple" }
sdist = { url = "https://files.pythonhosted.org/packages/b0/77/a5b8c569bf593b0140bde72ea885a803b82086995367bf2037de0159d924/pygments-2.19.2.tar.gz", hash = "sha256:636cb2477cec7f8952536970bc533bc43743542f70392ae026374600add5b887", size = 4968631, upload-time = "2025-06-21T13:39:12.283Z" }
wheels = [
    { url = "https://files.pythonhosted.org/packages/c7/21/705964c7812476f378728bdf590ca4b771ec72385c533964653c68e86bdc/pygments-2.19.2-py3-none-any.whl", hash = "sha256:86540386c03d588bb81d44bc3928634ff26449851e99741617ecb9037ee5ec0b", size = 1225217, upload-time = "2025-06-21T13:39:07.939Z" },
]

[[package]]
name = "pymongo"
version = "4.14.1"
source = { registry = "https://pypi.org/simple" }
dependencies = [
    { name = "dnspython" },
]
sdist = { url = "https://files.pythonhosted.org/packages/a1/d4/8617dbd734a58c10016f854c96a6aee522d90c4cf8890104c83f47c20126/pymongo-4.14.1.tar.gz", hash = "sha256:d78f5b0b569f4320e2485599d89b088aa6d750aad17cc98fd81a323b544ed3d0", size = 2214806, upload-time = "2025-08-19T18:21:43.026Z" }
wheels = [
    { url = "https://files.pythonhosted.org/packages/c4/cf/4ce6eaf7d886ff7457a937f5241a15f31de32e9f4394c08c78fb19218864/pymongo-4.14.1-cp313-cp313-macosx_10_13_x86_64.whl", hash = "sha256:cb147d0d77863ae89fa73cf8c0cc1a68d7dd7c5689cf0381501505307136b2bd", size = 968478, upload-time = "2025-08-19T18:20:43.725Z" },
    { url = "https://files.pythonhosted.org/packages/28/19/6d1bc3e8d52c8330627d6de2cff86794aed51aa0c2241b743c31dd28b6eb/pymongo-4.14.1-cp313-cp313-macosx_11_0_arm64.whl", hash = "sha256:e386721b57a50a5acd6e19c3c14cb975cbc0bf1a0364227d6cc15b486bb094cc", size = 968174, upload-time = "2025-08-19T18:20:45.587Z" },
    { url = "https://files.pythonhosted.org/packages/58/39/102b3a5688b254befa3c54fef9df0495eb3b07324ff8076b72452005d89c/pymongo-4.14.1-cp313-cp313-manylinux_2_17_aarch64.manylinux2014_aarch64.whl", hash = "sha256:49a2bf594ce1693f8a3cc4123ec3fa3a86215b395333b22be83c9eb765b24ecb", size = 1956312, upload-time = "2025-08-19T18:20:47.865Z" },
    { url = "https://files.pythonhosted.org/packages/f2/75/c6bc7dddfece46290aabbed52475a9bfd2b63c3bf1d2b724476a0144d50c/pymongo-4.14.1-cp313-cp313-manylinux_2_17_ppc64le.manylinux2014_ppc64le.whl", hash = "sha256:ebb6679929e5bab898e9c5b46ee6fd025f6eb14380e9d4a210e122d79b223548", size = 2033665, upload-time = "2025-08-19T18:20:49.684Z" },
    { url = "https://files.pythonhosted.org/packages/b5/6b/67762afe3ff4a7e7a56ed52ee2d5d4bb75f4309acaa493cc2408dd256174/pymongo-4.14.1-cp313-cp313-manylinux_2_17_s390x.manylinux2014_s390x.whl", hash = "sha256:fcbea95a877b2c7c4e4a18527c4eecbe91bdcb0b202f93d5713d50386138ffa3", size = 1997582, upload-time = "2025-08-19T18:20:51.415Z" },
    { url = "https://files.pythonhosted.org/packages/7f/3f/40282cb2c9114e8b1cb7e72f66d78a8acffaa494c0460ecd3821bf9ef4f6/pymongo-4.14.1-cp313-cp313-manylinux_2_17_x86_64.manylinux2014_x86_64.whl", hash = "sha256:04e780ff2854278d24f7a2011aed45b3df89520c89ca29a7c1ccf9a9f0d513d0", size = 1958311, upload-time = "2025-08-19T18:20:53.675Z" },
    { url = "https://files.pythonhosted.org/packages/b7/b2/f2d40e23c375e8b57493f532f24eb9583625d51c52bb1a9a2a515d7d879b/pymongo-4.14.1-cp313-cp313-manylinux_2_5_i686.manylinux1_i686.manylinux_2_17_i686.manylinux2014_i686.whl", hash = "sha256:147711a3b95d45dd11377a078e77fa302142b67656a8f57076693aa7fba124c1", size = 1907886, upload-time = "2025-08-19T18:20:55.565Z" },
    { url = "https://files.pythonhosted.org/packages/10/76/6b19a6ee2517b579937e4055c99f7d16ef80dc558491b0fca25dc1cb2630/pymongo-4.14.1-cp313-cp313-win32.whl", hash = "sha256:6b945dda0359ba13171201fa2f1e32d4b5e73f57606b8c6dd560eeebf4a69d84", size = 931916, upload-time = "2025-08-19T18:20:57.657Z" },
    { url = "https://files.pythonhosted.org/packages/89/30/c8180c0aab736f3217b146308cd2da0484a057700e35d834bd37e6bd3430/pymongo-4.14.1-cp313-cp313-win_amd64.whl", hash = "sha256:9fba1dcad4260a9c96aa5bd576bf96edeea5682cd6da6b5777c644ef103f16f6", size = 956130, upload-time = "2025-08-19T18:20:59.441Z" },
    { url = "https://files.pythonhosted.org/packages/45/a3/0a7874debbc4f37ec5d5ebb37a2db4bdbb06411142adcea55e55daba09ee/pymongo-4.14.1-cp313-cp313t-macosx_10_13_x86_64.whl", hash = "sha256:184b0b6c3663bec2c13d7e2f0a99233c24b1bc7d8163b8b9a019a3ab159b1ade", size = 1024972, upload-time = "2025-08-19T18:21:01.561Z" },
    { url = "https://files.pythonhosted.org/packages/74/77/5412dfca22e248f0785dff5dae83dc25422c10e784c34be5853a50a72a45/pymongo-4.14.1-cp313-cp313t-macosx_11_0_arm64.whl", hash = "sha256:e0a9bdb95e6fab64c8453dae84834dfd7a8b91cfbc7a3e288d9cdd161621a867", size = 1024973, upload-time = "2025-08-19T18:21:03.383Z" },
    { url = "https://files.pythonhosted.org/packages/55/eb/b36a6b952f017aba45ea4ff035c4908e1cdf5f3f92b1ecf36cc412f8ae89/pymongo-4.14.1-cp313-cp313t-manylinux_2_17_aarch64.manylinux2014_aarch64.whl", hash = "sha256:df5cc411dbe2b064945114598fdb3e36c3eeb38ed2559e459d5a7b2d91074a54", size = 2284673, upload-time = "2025-08-19T18:21:05.611Z" },
    { url = "https://files.pythonhosted.org/packages/57/c2/206d20847871db172e216695371963c0dd2670cf3bb003b063de3f459ae3/pymongo-4.14.1-cp313-cp313t-manylinux_2_17_ppc64le.manylinux2014_ppc64le.whl", hash = "sha256:33a8b2c47db66f3bb33d62e3884fb531b77a58efd412b67b0539c685950c2382", size = 2371709, upload-time = "2025-08-19T18:21:07.367Z" },
    { url = "https://files.pythonhosted.org/packages/b7/1b/f1c26008c61c0ac07344e17074d56c4c7daca10b24d9a5f921cbdb2438c2/pymongo-4.14.1-cp313-cp313t-manylinux_2_17_s390x.manylinux2014_s390x.whl", hash = "sha256:5f08880ad8bd6bdd4bdb5c93c4a6946c5c4e429b648c3b665c435af02005e7db", size = 2331100, upload-time = "2025-08-19T18:21:09.43Z" },
    { url = "https://files.pythonhosted.org/packages/1e/05/4561aa90ac9daff0660d6041d5d5f8bb208085608518c44b4f36a52931b4/pymongo-4.14.1-cp313-cp313t-manylinux_2_17_x86_64.manylinux2014_x86_64.whl", hash = "sha256:92f8c2a3d0f17c432d68304d3abcab36a8a7ba78db93a143ac77eef6b70bc126", size = 2282298, upload-time = "2025-08-19T18:21:11.597Z" },
    { url = "https://files.pythonhosted.org/packages/dd/a2/ad07bdfd439f2cf475b62ccba5278e7edb5c714c675ff80f9ea6cb465971/pymongo-4.14.1-cp313-cp313t-manylinux_2_5_i686.manylinux1_i686.manylinux_2_17_i686.manylinux2014_i686.whl", hash = "sha256:019f8f9b8a61a5780450c5908c38f63e4248f286d804163d3728bc544f0b07b2", size = 2221621, upload-time = "2025-08-19T18:21:15.102Z" },
    { url = "https://files.pythonhosted.org/packages/d8/13/d1bb83a6a68161a770c212a7114ac02b601aeabb9700c399607499e289a3/pymongo-4.14.1-cp313-cp313t-win32.whl", hash = "sha256:414a999a5b9212635f51c8b23481626406b731abaea16659a39df00f538d06d8", size = 981134, upload-time = "2025-08-19T18:21:16.749Z" },
    { url = "https://files.pythonhosted.org/packages/04/a0/3d97f57c1d37df8cd0839290ff08a9d5f2fbe862ecf8560afdf947c32b3d/pymongo-4.14.1-cp313-cp313t-win_amd64.whl", hash = "sha256:9375cf27c04d2be7d02986262e0593ece1e78fa1934744bdd74c0c0b0cd2c2f2", size = 1011425, upload-time = "2025-08-19T18:21:18.561Z" },
]

[[package]]
name = "python-dotenv"
version = "1.1.1"
source = { registry = "https://pypi.org/simple" }
sdist = { url = "https://files.pythonhosted.org/packages/f6/b0/4bc07ccd3572a2f9df7e6782f52b0c6c90dcbb803ac4a167702d7d0dfe1e/python_dotenv-1.1.1.tar.gz", hash = "sha256:a8a6399716257f45be6a007360200409fce5cda2661e3dec71d23dc15f6189ab", size = 41978, upload-time = "2025-06-24T04:21:07.341Z" }
wheels = [
    { url = "https://files.pythonhosted.org/packages/5f/ed/539768cf28c661b5b068d66d96a2f155c4971a5d55684a514c1a0e0dec2f/python_dotenv-1.1.1-py3-none-any.whl", hash = "sha256:31f23644fe2602f88ff55e1f5c79ba497e01224ee7737937930c448e4d0e24dc", size = 20556, upload-time = "2025-06-24T04:21:06.073Z" },
]

[[package]]
name = "pytz"
version = "2025.2"
source = { registry = "https://pypi.org/simple" }
sdist = { url = "https://files.pythonhosted.org/packages/f8/bf/abbd3cdfb8fbc7fb3d4d38d320f2441b1e7cbe29be4f23797b4a2b5d8aac/pytz-2025.2.tar.gz", hash = "sha256:360b9e3dbb49a209c21ad61809c7fb453643e048b38924c765813546746e81c3", size = 320884, upload-time = "2025-03-25T02:25:00.538Z" }
wheels = [
    { url = "https://files.pythonhosted.org/packages/81/c4/34e93fe5f5429d7570ec1fa436f1986fb1f00c3e0f43a589fe2bbcd22c3f/pytz-2025.2-py2.py3-none-any.whl", hash = "sha256:5ddf76296dd8c44c26eb8f4b6f35488f3ccbf6fbbd7adee0b7262d43f0ec2f00", size = 509225, upload-time = "2025-03-25T02:24:58.468Z" },
]

[[package]]
name = "ruff"
version = "0.12.11"
source = { registry = "https://pypi.org/simple" }
sdist = { url = "https://files.pythonhosted.org/packages/de/55/16ab6a7d88d93001e1ae4c34cbdcfb376652d761799459ff27c1dc20f6fa/ruff-0.12.11.tar.gz", hash = "sha256:c6b09ae8426a65bbee5425b9d0b82796dbb07cb1af045743c79bfb163001165d", size = 5347103, upload-time = "2025-08-28T13:59:08.87Z" }
wheels = [
    { url = "https://files.pythonhosted.org/packages/d6/a2/3b3573e474de39a7a475f3fbaf36a25600bfeb238e1a90392799163b64a0/ruff-0.12.11-py3-none-linux_armv6l.whl", hash = "sha256:93fce71e1cac3a8bf9200e63a38ac5c078f3b6baebffb74ba5274fb2ab276065", size = 11979885, upload-time = "2025-08-28T13:58:26.654Z" },
    { url = "https://files.pythonhosted.org/packages/76/e4/235ad6d1785a2012d3ded2350fd9bc5c5af8c6f56820e696b0118dfe7d24/ruff-0.12.11-py3-none-macosx_10_12_x86_64.whl", hash = "sha256:b8e33ac7b28c772440afa80cebb972ffd823621ded90404f29e5ab6d1e2d4b93", size = 12742364, upload-time = "2025-08-28T13:58:30.256Z" },
    { url = "https://files.pythonhosted.org/packages/2c/0d/15b72c5fe6b1e402a543aa9d8960e0a7e19dfb079f5b0b424db48b7febab/ruff-0.12.11-py3-none-macosx_11_0_arm64.whl", hash = "sha256:d69fb9d4937aa19adb2e9f058bc4fbfe986c2040acb1a4a9747734834eaa0bfd", size = 11920111, upload-time = "2025-08-28T13:58:33.677Z" },
    { url = "https://files.pythonhosted.org/packages/3e/c0/f66339d7893798ad3e17fa5a1e587d6fd9806f7c1c062b63f8b09dda6702/ruff-0.12.11-py3-none-manylinux_2_17_aarch64.manylinux2014_aarch64.whl", hash = "sha256:411954eca8464595077a93e580e2918d0a01a19317af0a72132283e28ae21bee", size = 12160060, upload-time = "2025-08-28T13:58:35.74Z" },
    { url = "https://files.pythonhosted.org/packages/03/69/9870368326db26f20c946205fb2d0008988aea552dbaec35fbacbb46efaa/ruff-0.12.11-py3-none-manylinux_2_17_armv7l.manylinux2014_armv7l.whl", hash = "sha256:6a2c0a2e1a450f387bf2c6237c727dd22191ae8c00e448e0672d624b2bbd7fb0", size = 11799848, upload-time = "2025-08-28T13:58:38.051Z" },
    { url = "https://files.pythonhosted.org/packages/25/8c/dd2c7f990e9b3a8a55eee09d4e675027d31727ce33cdb29eab32d025bdc9/ruff-0.12.11-py3-none-manylinux_2_17_i686.manylinux2014_i686.whl", hash = "sha256:8ca4c3a7f937725fd2413c0e884b5248a19369ab9bdd850b5781348ba283f644", size = 13536288, upload-time = "2025-08-28T13:58:40.046Z" },
    { url = "https://files.pythonhosted.org/packages/7a/30/d5496fa09aba59b5e01ea76775a4c8897b13055884f56f1c35a4194c2297/ruff-0.12.11-py3-none-manylinux_2_17_ppc64.manylinux2014_ppc64.whl", hash = "sha256:4d1df0098124006f6a66ecf3581a7f7e754c4df7644b2e6704cd7ca80ff95211", size = 14490633, upload-time = "2025-08-28T13:58:42.285Z" },
    { url = "https://files.pythonhosted.org/packages/9b/2f/81f998180ad53445d403c386549d6946d0748e536d58fce5b5e173511183/ruff-0.12.11-py3-none-manylinux_2_17_ppc64le.manylinux2014_ppc64le.whl", hash = "sha256:5a8dd5f230efc99a24ace3b77e3555d3fbc0343aeed3fc84c8d89e75ab2ff793", size = 13888430, upload-time = "2025-08-28T13:58:44.641Z" },
    { url = "https://files.pythonhosted.org/packages/87/71/23a0d1d5892a377478c61dbbcffe82a3476b050f38b5162171942a029ef3/ruff-0.12.11-py3-none-manylinux_2_17_s390x.manylinux2014_s390x.whl", hash = "sha256:4dc75533039d0ed04cd33fb8ca9ac9620b99672fe7ff1533b6402206901c34ee", size = 12913133, upload-time = "2025-08-28T13:58:47.039Z" },
    { url = "https://files.pythonhosted.org/packages/80/22/3c6cef96627f89b344c933781ed38329bfb87737aa438f15da95907cbfd5/ruff-0.12.11-py3-none-manylinux_2_17_x86_64.manylinux2014_x86_64.whl", hash = "sha256:4fc58f9266d62c6eccc75261a665f26b4ef64840887fc6cbc552ce5b29f96cc8", size = 13169082, upload-time = "2025-08-28T13:58:49.157Z" },
    { url = "https://files.pythonhosted.org/packages/05/b5/68b3ff96160d8b49e8dd10785ff3186be18fd650d356036a3770386e6c7f/ruff-0.12.11-py3-none-manylinux_2_31_riscv64.whl", hash = "sha256:5a0113bd6eafd545146440225fe60b4e9489f59eb5f5f107acd715ba5f0b3d2f", size = 13139490, upload-time = "2025-08-28T13:58:51.593Z" },
    { url = "https://files.pythonhosted.org/packages/59/b9/050a3278ecd558f74f7ee016fbdf10591d50119df8d5f5da45a22c6afafc/ruff-0.12.11-py3-none-musllinux_1_2_aarch64.whl", hash = "sha256:0d737b4059d66295c3ea5720e6efc152623bb83fde5444209b69cd33a53e2000", size = 11958928, upload-time = "2025-08-28T13:58:53.943Z" },
    { url = "https://files.pythonhosted.org/packages/f9/bc/93be37347db854806904a43b0493af8d6873472dfb4b4b8cbb27786eb651/ruff-0.12.11-py3-none-musllinux_1_2_armv7l.whl", hash = "sha256:916fc5defee32dbc1fc1650b576a8fed68f5e8256e2180d4d9855aea43d6aab2", size = 11764513, upload-time = "2025-08-28T13:58:55.976Z" },
    { url = "https://files.pythonhosted.org/packages/7a/a1/1471751e2015a81fd8e166cd311456c11df74c7e8769d4aabfbc7584c7ac/ruff-0.12.11-py3-none-musllinux_1_2_i686.whl", hash = "sha256:c984f07d7adb42d3ded5be894fb4007f30f82c87559438b4879fe7aa08c62b39", size = 12745154, upload-time = "2025-08-28T13:58:58.16Z" },
    { url = "https://files.pythonhosted.org/packages/68/ab/2542b14890d0f4872dd81b7b2a6aed3ac1786fae1ce9b17e11e6df9e31e3/ruff-0.12.11-py3-none-musllinux_1_2_x86_64.whl", hash = "sha256:e07fbb89f2e9249f219d88331c833860489b49cdf4b032b8e4432e9b13e8a4b9", size = 13227653, upload-time = "2025-08-28T13:59:00.276Z" },
    { url = "https://files.pythonhosted.org/packages/22/16/2fbfc61047dbfd009c58a28369a693a1484ad15441723be1cd7fe69bb679/ruff-0.12.11-py3-none-win32.whl", hash = "sha256:c792e8f597c9c756e9bcd4d87cf407a00b60af77078c96f7b6366ea2ce9ba9d3", size = 11944270, upload-time = "2025-08-28T13:59:02.347Z" },
    { url = "https://files.pythonhosted.org/packages/08/a5/34276984705bfe069cd383101c45077ee029c3fe3b28225bf67aa35f0647/ruff-0.12.11-py3-none-win_amd64.whl", hash = "sha256:a3283325960307915b6deb3576b96919ee89432ebd9c48771ca12ee8afe4a0fd", size = 13046600, upload-time = "2025-08-28T13:59:04.751Z" },
    { url = "https://files.pythonhosted.org/packages/84/a8/001d4a7c2b37623a3fd7463208267fb906df40ff31db496157549cfd6e72/ruff-0.12.11-py3-none-win_arm64.whl", hash = "sha256:bae4d6e6a2676f8fb0f98b74594a048bae1b944aab17e9f5d504062303c6dbea", size = 12135290, upload-time = "2025-08-28T13:59:06.933Z" },
]

[[package]]
name = "setproctitle"
version = "1.3.6"
source = { registry = "https://pypi.org/simple" }
sdist = { url = "https://files.pythonhosted.org/packages/9e/af/56efe21c53ac81ac87e000b15e60b3d8104224b4313b6eacac3597bd183d/setproctitle-1.3.6.tar.gz", hash = "sha256:c9f32b96c700bb384f33f7cf07954bb609d35dd82752cef57fb2ee0968409169", size = 26889, upload-time = "2025-04-29T13:35:00.184Z" }
wheels = [
    { url = "https://files.pythonhosted.org/packages/89/76/f1a2fdbf9b9602945a7489ba5c52e9863de37381ef1a85a2b9ed0ff8bc79/setproctitle-1.3.6-cp313-cp313-macosx_10_13_universal2.whl", hash = "sha256:e2a9e62647dc040a76d55563580bf3bb8fe1f5b6ead08447c2ed0d7786e5e794", size = 17392, upload-time = "2025-04-29T13:33:30.925Z" },
    { url = "https://files.pythonhosted.org/packages/5c/5b/4e0db8b10b4543afcb3dbc0827793d46e43ec1de6b377e313af3703d08e0/setproctitle-1.3.6-cp313-cp313-macosx_11_0_arm64.whl", hash = "sha256:751ba352ed922e0af60458e961167fa7b732ac31c0ddd1476a2dfd30ab5958c5", size = 11951, upload-time = "2025-04-29T13:33:32.296Z" },
    { url = "https://files.pythonhosted.org/packages/dc/fe/d5d00aaa700fe1f6160b6e95c225b29c01f4d9292176d48fd968815163ea/setproctitle-1.3.6-cp313-cp313-manylinux_2_17_aarch64.manylinux2014_aarch64.whl", hash = "sha256:7890e291bf4708e3b61db9069ea39b3ab0651e42923a5e1f4d78a7b9e4b18301", size = 32087, upload-time = "2025-04-29T13:33:33.469Z" },
    { url = "https://files.pythonhosted.org/packages/9f/b3/894b827b93ef813c082479bebf88185860f01ac243df737823dd705e7fff/setproctitle-1.3.6-cp313-cp313-manylinux_2_17_ppc64le.manylinux2014_ppc64le.whl", hash = "sha256:b2b17855ed7f994f3f259cf2dfbfad78814538536fa1a91b50253d84d87fd88d", size = 33502, upload-time = "2025-04-29T13:33:34.831Z" },
    { url = "https://files.pythonhosted.org/packages/b2/cd/5330734cca1a4cfcb721432c22cb7899ff15a4101ba868b2ef452ffafea1/setproctitle-1.3.6-cp313-cp313-manylinux_2_5_i686.manylinux1_i686.manylinux_2_17_i686.manylinux2014_i686.whl", hash = "sha256:2e51ec673513465663008ce402171192a053564865c2fc6dc840620871a9bd7c", size = 30713, upload-time = "2025-04-29T13:33:36.739Z" },
    { url = "https://files.pythonhosted.org/packages/fa/d3/c2590c5daa2e9a008d3f2b16c0f4a351826193be55f147cb32af49c6d814/setproctitle-1.3.6-cp313-cp313-manylinux_2_5_x86_64.manylinux1_x86_64.manylinux_2_17_x86_64.manylinux2014_x86_64.whl", hash = "sha256:63cc10352dc6cf35a33951656aa660d99f25f574eb78132ce41a85001a638aa7", size = 31792, upload-time = "2025-04-29T13:33:37.974Z" },
    { url = "https://files.pythonhosted.org/packages/e6/b1/c553ed5af8cfcecd5ae7737e63af58a17a03d26f3d61868c7eb20bf7e3cf/setproctitle-1.3.6-cp313-cp313-musllinux_1_2_aarch64.whl", hash = "sha256:0dba8faee2e4a96e934797c9f0f2d093f8239bf210406a99060b3eabe549628e", size = 31927, upload-time = "2025-04-29T13:33:39.203Z" },
    { url = "https://files.pythonhosted.org/packages/70/78/2d5385206540127a3dca0ff83225b1ac66873f5cc89d4a6d3806c92f5ae2/setproctitle-1.3.6-cp313-cp313-musllinux_1_2_i686.whl", hash = "sha256:e3e44d08b61de0dd6f205528498f834a51a5c06689f8fb182fe26f3a3ce7dca9", size = 30981, upload-time = "2025-04-29T13:33:40.431Z" },
    { url = "https://files.pythonhosted.org/packages/31/62/e3e4a4e006d0e549748e53cded4ff3b667be0602860fc61b7de8b412b667/setproctitle-1.3.6-cp313-cp313-musllinux_1_2_ppc64le.whl", hash = "sha256:de004939fc3fd0c1200d26ea9264350bfe501ffbf46c8cf5dc7f345f2d87a7f1", size = 33244, upload-time = "2025-04-29T13:33:41.817Z" },
    { url = "https://files.pythonhosted.org/packages/aa/05/4b223fd4ef94e105dc7aff27fa502fb7200cf52be2bb0c064bd2406b5611/setproctitle-1.3.6-cp313-cp313-musllinux_1_2_x86_64.whl", hash = "sha256:3f8194b4d631b003a1176a75d1acd545e04b1f54b821638e098a93e6e62830ef", size = 31630, upload-time = "2025-04-29T13:33:43.093Z" },
    { url = "https://files.pythonhosted.org/packages/39/ad/c3941b8fc6b32a976c9e2d9615a90ae793b69cd010ca8c3575dbc822104f/setproctitle-1.3.6-cp313-cp313t-macosx_10_13_universal2.whl", hash = "sha256:23a57d3b8f1549515c2dbe4a2880ebc1f27780dc126c5e064167563e015817f5", size = 17401, upload-time = "2025-04-29T13:33:44.186Z" },
    { url = "https://files.pythonhosted.org/packages/04/38/a184f857b988d3a9c401e470a4e38182a5c99ee77bf90432d7665e9d35a3/setproctitle-1.3.6-cp313-cp313t-macosx_11_0_arm64.whl", hash = "sha256:81c443310831e29fabbd07b75ebbfa29d0740b56f5907c6af218482d51260431", size = 11959, upload-time = "2025-04-29T13:33:45.71Z" },
    { url = "https://files.pythonhosted.org/packages/b7/b9/4878ef9d8483adfd1edf6bf95151362aaec0d05aac306a97ff0383f491b5/setproctitle-1.3.6-cp313-cp313t-manylinux_2_17_aarch64.manylinux2014_aarch64.whl", hash = "sha256:d88c63bd395c787b0aa81d8bbc22c1809f311032ce3e823a6517b711129818e4", size = 33463, upload-time = "2025-04-29T13:33:46.913Z" },
    { url = "https://files.pythonhosted.org/packages/cc/60/3ef49d1931aff2a36a7324a49cca10d77ef03e0278452fd468c33a52d7e3/setproctitle-1.3.6-cp313-cp313t-manylinux_2_17_ppc64le.manylinux2014_ppc64le.whl", hash = "sha256:d73f14b86d0e2858ece6bf5807c9889670e392c001d414b4293d0d9b291942c3", size = 34959, upload-time = "2025-04-29T13:33:48.216Z" },
    { url = "https://files.pythonhosted.org/packages/81/c6/dee0a973acecefb0db6c9c2e0ea7f18b7e4db773a72e534741ebdee8bbb8/setproctitle-1.3.6-cp313-cp313t-manylinux_2_5_i686.manylinux1_i686.manylinux_2_17_i686.manylinux2014_i686.whl", hash = "sha256:3393859eb8f19f5804049a685bf286cb08d447e28ba5c6d8543c7bf5500d5970", size = 32055, upload-time = "2025-04-29T13:33:49.443Z" },
    { url = "https://files.pythonhosted.org/packages/ea/a5/5dd5c4192cf18d16349a32a07f728a9a48a2a05178e16966cabd6645903e/setproctitle-1.3.6-cp313-cp313t-manylinux_2_5_x86_64.manylinux1_x86_64.manylinux_2_17_x86_64.manylinux2014_x86_64.whl", hash = "sha256:785cd210c0311d9be28a70e281a914486d62bfd44ac926fcd70cf0b4d65dff1c", size = 32986, upload-time = "2025-04-29T13:33:51.519Z" },
    { url = "https://files.pythonhosted.org/packages/df/a6/1508d37eb8008670d33f13fcdb91cbd8ef54697276469abbfdd3d4428c59/setproctitle-1.3.6-cp313-cp313t-musllinux_1_2_aarch64.whl", hash = "sha256:c051f46ed1e13ba8214b334cbf21902102807582fbfaf0fef341b9e52f0fafbf", size = 32736, upload-time = "2025-04-29T13:33:52.852Z" },
    { url = "https://files.pythonhosted.org/packages/1a/73/c84ec8880d543766a12fcd6b65dbd013770974a40577889f357409b0441e/setproctitle-1.3.6-cp313-cp313t-musllinux_1_2_i686.whl", hash = "sha256:49498ebf68ca3e75321ffe634fcea5cc720502bfaa79bd6b03ded92ce0dc3c24", size = 31945, upload-time = "2025-04-29T13:33:54.665Z" },
    { url = "https://files.pythonhosted.org/packages/95/0a/126b9ff7a406a69a62825fe5bd6d1ba8671919a7018c4f9e2c63f49bfcb6/setproctitle-1.3.6-cp313-cp313t-musllinux_1_2_ppc64le.whl", hash = "sha256:4431629c178193f23c538cb1de3da285a99ccc86b20ee91d81eb5f1a80e0d2ba", size = 34333, upload-time = "2025-04-29T13:33:56.101Z" },
    { url = "https://files.pythonhosted.org/packages/9a/fd/5474b04f1c013ff460129d2bc774557dd6e186da4667865efef9a83bf378/setproctitle-1.3.6-cp313-cp313t-musllinux_1_2_x86_64.whl", hash = "sha256:d136fbf8ad4321716e44d6d6b3d8dffb4872626010884e07a1db54b7450836cf", size = 32508, upload-time = "2025-04-29T13:33:57.43Z" },
]

[[package]]
name = "sqlparse"
version = "0.5.3"
source = { registry = "https://pypi.org/simple" }
sdist = { url = "https://files.pythonhosted.org/packages/e5/40/edede8dd6977b0d3da179a342c198ed100dd2aba4be081861ee5911e4da4/sqlparse-0.5.3.tar.gz", hash = "sha256:09f67787f56a0b16ecdbde1bfc7f5d9c3371ca683cfeaa8e6ff60b4807ec9272", size = 84999, upload-time = "2024-12-10T12:05:30.728Z" }
wheels = [
    { url = "https://files.pythonhosted.org/packages/a9/5c/bfd6bd0bf979426d405cc6e71eceb8701b148b16c21d2dc3c261efc61c7b/sqlparse-0.5.3-py3-none-any.whl", hash = "sha256:cf2196ed3418f3ba5de6af7e82c694a9fbdbfecccdfc72e281548517081f16ca", size = 44415, upload-time = "2024-12-10T12:05:27.824Z" },
]

[[package]]
name = "tabulate"
version = "0.9.0"
source = { registry = "https://pypi.org/simple" }
sdist = { url = "https://files.pythonhosted.org/packages/ec/fe/802052aecb21e3797b8f7902564ab6ea0d60ff8ca23952079064155d1ae1/tabulate-0.9.0.tar.gz", hash = "sha256:0095b12bf5966de529c0feb1fa08671671b3368eec77d7ef7ab114be2c068b3c", size = 81090, upload-time = "2022-10-06T17:21:48.54Z" }
wheels = [
    { url = "https://files.pythonhosted.org/packages/40/44/4a5f08c96eb108af5cb50b41f76142f0afa346dfa99d5296fe7202a11854/tabulate-0.9.0-py3-none-any.whl", hash = "sha256:024ca478df22e9340661486f85298cff5f6dcdba14f3813e8830015b9ed1948f", size = 35252, upload-time = "2022-10-06T17:21:44.262Z" },
]

[package.optional-dependencies]
widechars = [
    { name = "wcwidth" },
]

[[package]]
name = "tzdata"
version = "2025.2"
source = { registry = "https://pypi.org/simple" }
sdist = { url = "https://files.pythonhosted.org/packages/95/32/1a225d6164441be760d75c2c42e2780dc0873fe382da3e98a2e1e48361e5/tzdata-2025.2.tar.gz", hash = "sha256:b60a638fcc0daffadf82fe0f57e53d06bdec2f36c4df66280ae79bce6bd6f2b9", size = 196380, upload-time = "2025-03-23T13:54:43.652Z" }
wheels = [
    { url = "https://files.pythonhosted.org/packages/5c/23/c7abc0ca0a1526a0774eca151daeb8de62ec457e77262b66b359c3c7679e/tzdata-2025.2-py2.py3-none-any.whl", hash = "sha256:1a403fada01ff9221ca8044d701868fa132215d84beb92242d9acd2147f667a8", size = 347839, upload-time = "2025-03-23T13:54:41.845Z" },
]

[[package]]
name = "tzlocal"
version = "5.3.1"
source = { registry = "https://pypi.org/simple" }
dependencies = [
    { name = "tzdata", marker = "sys_platform == 'win32'" },
]
sdist = { url = "https://files.pythonhosted.org/packages/8b/2e/c14812d3d4d9cd1773c6be938f89e5735a1f11a9f184ac3639b93cef35d5/tzlocal-5.3.1.tar.gz", hash = "sha256:cceffc7edecefea1f595541dbd6e990cb1ea3d19bf01b2809f362a03dd7921fd", size = 30761, upload-time = "2025-03-05T21:17:41.549Z" }
wheels = [
    { url = "https://files.pythonhosted.org/packages/c2/14/e2a54fabd4f08cd7af1c07030603c3356b74da07f7cc056e600436edfa17/tzlocal-5.3.1-py3-none-any.whl", hash = "sha256:eb1a66c3ef5847adf7a834f1be0800581b683b5608e74f86ecbcef8ab91bb85d", size = 18026, upload-time = "2025-03-05T21:17:39.857Z" },
]

[[package]]
name = "wcwidth"
version = "0.2.13"
source = { registry = "https://pypi.org/simple" }
sdist = { url = "https://files.pythonhosted.org/packages/6c/63/53559446a878410fc5a5974feb13d31d78d752eb18aeba59c7fef1af7598/wcwidth-0.2.13.tar.gz", hash = "sha256:72ea0c06399eb286d978fdedb6923a9eb47e1c486ce63e9b4e64fc18303972b5", size = 101301, upload-time = "2024-01-06T02:10:57.829Z" }
wheels = [
    { url = "https://files.pythonhosted.org/packages/fd/84/fd2ba7aafacbad3c4201d395674fc6348826569da3c0937e75505ead3528/wcwidth-0.2.13-py2.py3-none-any.whl", hash = "sha256:3da69048e4540d84af32131829ff948f1e022c1c6bdb8d6102117aac784f6859", size = 34166, upload-time = "2024-01-06T02:10:55.763Z" },
]
